{
  "name": "sql-practice",
  "version": "1.0.0",
  "lockfileVersion": 3,
  "requires": true,
  "packages": {
    "": {
      "name": "sql-practice",
      "version": "1.0.0",
      "license": "ISC",
      "dependencies": {
        "@electric-sql/pglite": "^0.5.6"
      }
    },
    "node_modules/@electric-sql/pglite": {
      "version": "0.5.6",
      "resolved": "https://registry.npmjs.org/@electric-sql/pglite/-/pglite-0.5.6.tgz",
      "integrity": "sha512-ipn6AOHouIRwNSVL+0hIRuM3yDwAWgRmvZuj+45sudzKpmdPbG8hQuQDZ4A8l7U8E0l7u6pJ/VtMEW42w+vEKQ==",
      "license": "Apache-2.0"
    }
  }
}
